// !$*UTF8*$!
{
	archiveVersion = 1;
	classes = {
	};
	objectVersion = 46;
	objects = {

/* Begin PBXBuildFile section */
		168DAF6D1D7182C200D12F0B /* TheRevelryChallengeTests.swift in Sources */ = {isa = PBXBuildFile; fileRef = 168DAF6C1D7182C200D12F0B /* TheRevelryChallengeTests.swift */; };
		169FF4641D718605002207FB /* ViewController.swift in Sources */ = {isa = PBXBuildFile; fileRef = 169FF4591D718605002207FB /* ViewController.swift */; };
		169FF4651D718605002207FB /* AppDelegate.swift in Sources */ = {isa = PBXBuildFile; fileRef = 169FF45C1D718605002207FB /* AppDelegate.swift */; };
		169FF4661D718605002207FB /* Assets.xcassets in Resources */ = {isa = PBXBuildFile; fileRef = 169FF45D1D718605002207FB /* Assets.xcassets */; };
		169FF4671D718605002207FB /* Info.plist in Resources */ = {isa = PBXBuildFile; fileRef = 169FF45E1D718605002207FB /* Info.plist */; };
		169FF4681D718605002207FB /* LaunchScreen.storyboard in Resources */ = {isa = PBXBuildFile; fileRef = 169FF4601D718605002207FB /* LaunchScreen.storyboard */; };
		169FF4691D718605002207FB /* Main.storyboard in Resources */ = {isa = PBXBuildFile; fileRef = 169FF4621D718605002207FB /* Main.storyboard */; };
		169FF46B1D718671002207FB /* Constants.swift in Sources */ = {isa = PBXBuildFile; fileRef = 169FF46A1D718671002207FB /* Constants.swift */; };
		169FF46E1D7186EC002207FB /* tasks.json in Resources */ = {isa = PBXBuildFile; fileRef = 169FF46D1D7186EC002207FB /* tasks.json */; };
		A4AE076E2A2BD9BC62B0665E /* Pods_TheRevelryChallenge.framework in Frameworks */ = {isa = PBXBuildFile; fileRef = DC53E79FB2737C3F26FD2566 /* Pods_TheRevelryChallenge.framework */; };
/* End PBXBuildFile section */

/* Begin PBXContainerItemProxy section */
		168DAF691D7182C200D12F0B /* PBXContainerItemProxy */ = {
			isa = PBXContainerItemProxy;
			containerPortal = 168DAF4C1D7182C200D12F0B /* Project object */;
			proxyType = 1;
			remoteGlobalIDString = 168DAF531D7182C200D12F0B;
			remoteInfo = TheRevelryChallenge;
		};
/* End PBXContainerItemProxy section */

/* Begin PBXFileReference section */
		168DAF541D7182C200D12F0B /* TheRevelryChallenge.app */ = {isa = PBXFileReference; explicitFileType = wrapper.application; includeInIndex = 0; path = TheRevelryChallenge.app; sourceTree = BUILT_PRODUCTS_DIR; };
		168DAF681D7182C200D12F0B /* TheRevelryChallengeTests.xctest */ = {isa = PBXFileReference; explicitFileType = wrapper.cfbundle; includeInIndex = 0; path = TheRevelryChallengeTests.xctest; sourceTree = BUILT_PRODUCTS_DIR; };
		168DAF6C1D7182C200D12F0B /* TheRevelryChallengeTests.swift */ = {isa = PBXFileReference; lastKnownFileType = sourcecode.swift; path = TheRevelryChallengeTests.swift; sourceTree = "<group>"; };
		168DAF6E1D7182C200D12F0B /* Info.plist */ = {isa = PBXFileReference; lastKnownFileType = text.plist.xml; path = Info.plist; sourceTree = "<group>"; };
		169FF4591D718605002207FB /* ViewController.swift */ = {isa = PBXFileReference; fileEncoding = 4; lastKnownFileType = sourcecode.swift; path = ViewController.swift; sourceTree = "<group>"; };
		169FF45C1D718605002207FB /* AppDelegate.swift */ = {isa = PBXFileReference; fileEncoding = 4; lastKnownFileType = sourcecode.swift; path = AppDelegate.swift; sourceTree = "<group>"; };
		169FF45D1D718605002207FB /* Assets.xcassets */ = {isa = PBXFileReference; lastKnownFileType = folder.assetcatalog; path = Assets.xcassets; sourceTree = "<group>"; };
		169FF45E1D718605002207FB /* Info.plist */ = {isa = PBXFileReference; fileEncoding = 4; lastKnownFileType = text.plist.xml; path = Info.plist; sourceTree = "<group>"; };
		169FF4611D718605002207FB /* Base */ = {isa = PBXFileReference; lastKnownFileType = file.storyboard; name = Base; path = Base.lproj/LaunchScreen.storyboard; sourceTree = "<group>"; };
		169FF4631D718605002207FB /* Base */ = {isa = PBXFileReference; lastKnownFileType = file.storyboard; name = Base; path = Base.lproj/Main.storyboard; sourceTree = "<group>"; };
		169FF46A1D718671002207FB /* Constants.swift */ = {isa = PBXFileReference; fileEncoding = 4; lastKnownFileType = sourcecode.swift; path = Constants.swift; sourceTree = "<group>"; };
		169FF46D1D7186EC002207FB /* tasks.json */ = {isa = PBXFileReference; fileEncoding = 4; lastKnownFileType = text.json; path = tasks.json; sourceTree = "<group>"; };
		6154770C89E5EB5CC2343D59 /* Pods_TheRevelryChallengeTests.framework */ = {isa = PBXFileReference; explicitFileType = wrapper.framework; includeInIndex = 0; path = Pods_TheRevelryChallengeTests.framework; sourceTree = BUILT_PRODUCTS_DIR; };
		9F3E87A4C2AB0EFDC1634B4D /* Pods-TheRevelryChallenge.debug.xcconfig */ = {isa = PBXFileReference; includeInIndex = 1; lastKnownFileType = text.xcconfig; name = "Pods-TheRevelryChallenge.debug.xcconfig"; path = "Pods/Target Support Files/Pods-TheRevelryChallenge/Pods-TheRevelryChallenge.debug.xcconfig"; sourceTree = "<group>"; };
		A7F2F771AE6A164F102929FE /* Pods-TheRevelryChallenge.release.xcconfig */ = {isa = PBXFileReference; includeInIndex = 1; lastKnownFileType = text.xcconfig; name = "Pods-TheRevelryChallenge.release.xcconfig"; path = "Pods/Target Support Files/Pods-TheRevelryChallenge/Pods-TheRevelryChallenge.release.xcconfig"; sourceTree = "<group>"; };
		DC53E79FB2737C3F26FD2566 /* Pods_TheRevelryChallenge.framework */ = {isa = PBXFileReference; explicitFileType = wrapper.framework; includeInIndex = 0; path = Pods_TheRevelryChallenge.framework; sourceTree = BUILT_PRODUCTS_DIR; };
/* End PBXFileReference section */

/* Begin PBXFrameworksBuildPhase section */
		168DAF511D7182C200D12F0B /* Frameworks */ = {
			isa = PBXFrameworksBuildPhase;
			buildActionMask = 2147483647;
			files = (
				A4AE076E2A2BD9BC62B0665E /* Pods_TheRevelryChallenge.framework in Frameworks */,
			);
			runOnlyForDeploymentPostprocessing = 0;
		};
		168DAF651D7182C200D12F0B /* Frameworks */ = {
			isa = PBXFrameworksBuildPhase;
			buildActionMask = 2147483647;
			files = (
			);
			runOnlyForDeploymentPostprocessing = 0;
		};
/* End PBXFrameworksBuildPhase section */

/* Begin PBXGroup section */
		168DAF4B1D7182C200D12F0B = {
			isa = PBXGroup;
			children = (
				168DAF561D7182C200D12F0B /* TheRevelryChallenge */,
				168DAF6B1D7182C200D12F0B /* TheRevelryChallengeTests */,
				168DAF551D7182C200D12F0B /* Products */,
				19194C0BA3EC95D4163E6B45 /* Pods */,
				8DB4F41A9ADE2DC5F8A8A63B /* Frameworks */,
			);
			sourceTree = "<group>";
		};
		168DAF551D7182C200D12F0B /* Products */ = {
			isa = PBXGroup;
			children = (
				168DAF541D7182C200D12F0B /* TheRevelryChallenge.app */,
				168DAF681D7182C200D12F0B /* TheRevelryChallengeTests.xctest */,
			);
			name = Products;
			sourceTree = "<group>";
		};
		168DAF561D7182C200D12F0B /* TheRevelryChallenge */ = {
			isa = PBXGroup;
			children = (
				169FF45A1D718605002207FB /* Models */,
				169FF45F1D718605002207FB /* Views */,
				169FF4581D718605002207FB /* Controllers */,
				169FF46C1D7186EC002207FB /* Stores */,
				169FF45B1D718605002207FB /* Supporting Files */,
			);
			path = TheRevelryChallenge;
			sourceTree = "<group>";
		};
		168DAF6B1D7182C200D12F0B /* TheRevelryChallengeTests */ = {
			isa = PBXGroup;
			children = (
				168DAF6C1D7182C200D12F0B /* TheRevelryChallengeTests.swift */,
				168DAF6E1D7182C200D12F0B /* Info.plist */,
			);
			path = TheRevelryChallengeTests;
			sourceTree = "<group>";
		};
		169FF4581D718605002207FB /* Controllers */ = {
			isa = PBXGroup;
			children = (
				169FF4591D718605002207FB /* ViewController.swift */,
			);
			path = Controllers;
			sourceTree = "<group>";
		};
		169FF45A1D718605002207FB /* Models */ = {
			isa = PBXGroup;
			children = (
			);
			path = Models;
			sourceTree = "<group>";
		};
		169FF45B1D718605002207FB /* Supporting Files */ = {
			isa = PBXGroup;
			children = (
				169FF46A1D718671002207FB /* Constants.swift */,
				169FF45C1D718605002207FB /* AppDelegate.swift */,
				169FF45D1D718605002207FB /* Assets.xcassets */,
				169FF45E1D718605002207FB /* Info.plist */,
			);
			path = "Supporting Files";
			sourceTree = "<group>";
		};
		169FF45F1D718605002207FB /* Views */ = {
			isa = PBXGroup;
			children = (
				169FF4601D718605002207FB /* LaunchScreen.storyboard */,
				169FF4621D718605002207FB /* Main.storyboard */,
			);
			path = Views;
			sourceTree = "<group>";
		};
		169FF46C1D7186EC002207FB /* Stores */ = {
			isa = PBXGroup;
			children = (
				169FF46D1D7186EC002207FB /* tasks.json */,
			);
			path = Stores;
			sourceTree = "<group>";
		};
		19194C0BA3EC95D4163E6B45 /* Pods */ = {
			isa = PBXGroup;
			children = (
				9F3E87A4C2AB0EFDC1634B4D /* Pods-TheRevelryChallenge.debug.xcconfig */,
				A7F2F771AE6A164F102929FE /* Pods-TheRevelryChallenge.release.xcconfig */,
			);
			name = Pods;
			sourceTree = "<group>";
		};
		8DB4F41A9ADE2DC5F8A8A63B /* Frameworks */ = {
			isa = PBXGroup;
			children = (
				DC53E79FB2737C3F26FD2566 /* Pods_TheRevelryChallenge.framework */,
				6154770C89E5EB5CC2343D59 /* Pods_TheRevelryChallengeTests.framework */,
			);
			name = Frameworks;
			sourceTree = "<group>";
		};
/* End PBXGroup section */

/* Begin PBXNativeTarget section */
		168DAF531D7182C200D12F0B /* TheRevelryChallenge */ = {
			isa = PBXNativeTarget;
			buildConfigurationList = 168DAF711D7182C200D12F0B /* Build configuration list for PBXNativeTarget "TheRevelryChallenge" */;
			buildPhases = (
				B8933235C51EF41BC4C0047E /* [CP] Check Pods Manifest.lock */,
				168DAF501D7182C200D12F0B /* Sources */,
				168DAF511D7182C200D12F0B /* Frameworks */,
				168DAF521D7182C200D12F0B /* Resources */,
				EAB5E3B10B24F3EDFC1FA8B0 /* [CP] Embed Pods Frameworks */,
				F9EB8340DA5123BEAB927D0D /* [CP] Copy Pods Resources */,
			);
			buildRules = (
			);
			dependencies = (
			);
			name = TheRevelryChallenge;
			productName = TheRevelryChallenge;
			productReference = 168DAF541D7182C200D12F0B /* TheRevelryChallenge.app */;
			productType = "com.apple.product-type.application";
		};
		168DAF671D7182C200D12F0B /* TheRevelryChallengeTests */ = {
			isa = PBXNativeTarget;
			buildConfigurationList = 168DAF741D7182C200D12F0B /* Build configuration list for PBXNativeTarget "TheRevelryChallengeTests" */;
			buildPhases = (
				E0AFAD505FA31FAC1E2D36A3 /* [CP] Check Pods Manifest.lock */,
				168DAF641D7182C200D12F0B /* Sources */,
				168DAF651D7182C200D12F0B /* Frameworks */,
				168DAF661D7182C200D12F0B /* Resources */,
				7D62723CC818661C3325465F /* [CP] Embed Pods Frameworks */,
				2BC83C9183E570657C502D06 /* [CP] Copy Pods Resources */,
			);
			buildRules = (
			);
			dependencies = (
				168DAF6A1D7182C200D12F0B /* PBXTargetDependency */,
			);
			name = TheRevelryChallengeTests;
			productName = TheRevelryChallengeTests;
			productReference = 168DAF681D7182C200D12F0B /* TheRevelryChallengeTests.xctest */;
			productType = "com.apple.product-type.bundle.unit-test";
		};
/* End PBXNativeTarget section */

/* Begin PBXProject section */
		168DAF4C1D7182C200D12F0B /* Project object */ = {
			isa = PBXProject;
			attributes = {
				LastSwiftUpdateCheck = 0730;
				LastUpgradeCheck = 0730;
				ORGANIZATIONNAME = "Daliso Ngoma";
				TargetAttributes = {
					168DAF531D7182C200D12F0B = {
						CreatedOnToolsVersion = 7.3.1;
					};
					168DAF671D7182C200D12F0B = {
						CreatedOnToolsVersion = 7.3.1;
						TestTargetID = 168DAF531D7182C200D12F0B;
					};
				};
			};
			buildConfigurationList = 168DAF4F1D7182C200D12F0B /* Build configuration list for PBXProject "TheRevelryChallenge" */;
			compatibilityVersion = "Xcode 3.2";
			developmentRegion = English;
			hasScannedForEncodings = 0;
			knownRegions = (
				en,
				Base,
			);
			mainGroup = 168DAF4B1D7182C200D12F0B;
			productRefGroup = 168DAF551D7182C200D12F0B /* Products */;
			projectDirPath = "";
			projectRoot = "";
			targets = (
				168DAF531D7182C200D12F0B /* TheRevelryChallenge */,
				168DAF671D7182C200D12F0B /* TheRevelryChallengeTests */,
			);
		};
/* End PBXProject section */

/* Begin PBXResourcesBuildPhase section */
		168DAF521D7182C200D12F0B /* Resources */ = {
			isa = PBXResourcesBuildPhase;
			buildActionMask = 2147483647;
			files = (
				169FF4681D718605002207FB /* LaunchScreen.storyboard in Resources */,
				169FF4671D718605002207FB /* Info.plist in Resources */,
				169FF4661D718605002207FB /* Assets.xcassets in Resources */,
				169FF4691D718605002207FB /* Main.storyboard in Resources */,
				169FF46E1D7186EC002207FB /* tasks.json in Resources */,
			);
			runOnlyForDeploymentPostprocessing = 0;
		};
		168DAF661D7182C200D12F0B /* Resources */ = {
			isa = PBXResourcesBuildPhase;
			buildActionMask = 2147483647;
			files = (
			);
			runOnlyForDeploymentPostprocessing = 0;
		};
/* End PBXResourcesBuildPhase section */

/* Begin PBXShellScriptBuildPhase section */
		2BC83C9183E570657C502D06 /* [CP] Copy Pods Resources */ = {
			isa = PBXShellScriptBuildPhase;
			buildActionMask = 2147483647;
			files = (
			);
			inputPaths = (
			);
			name = "[CP] Copy Pods Resources";
			outputPaths = (
			);
			runOnlyForDeploymentPostprocessing = 0;
			shellPath = /bin/sh;
			shellScript = "\"${SRCROOT}/Pods/Target Support Files/Pods-TheRevelryChallengeTests/Pods-TheRevelryChallengeTests-resources.sh\"\n";
			showEnvVarsInLog = 0;
		};
		7D62723CC818661C3325465F /* [CP] Embed Pods Frameworks */ = {
			isa = PBXShellScriptBuildPhase;
			buildActionMask = 2147483647;
			files = (
			);
			inputPaths = (
			);
			name = "[CP] Embed Pods Frameworks";
			outputPaths = (
			);
			runOnlyForDeploymentPostprocessing = 0;
			shellPath = /bin/sh;
			shellScript = "\"${SRCROOT}/Pods/Target Support Files/Pods-TheRevelryChallengeTests/Pods-TheRevelryChallengeTests-frameworks.sh\"\n";
			showEnvVarsInLog = 0;
		};
		B8933235C51EF41BC4C0047E /* [CP] Check Pods Manifest.lock */ = {
			isa = PBXShellScriptBuildPhase;
			buildActionMask = 2147483647;
			files = (
			);
			inputPaths = (
			);
			name = "[CP] Check Pods Manifest.lock";
			outputPaths = (
			);
			runOnlyForDeploymentPostprocessing = 0;
			shellPath = /bin/sh;
			shellScript = "diff \"${PODS_ROOT}/../Podfile.lock\" \"${PODS_ROOT}/Manifest.lock\" > /dev/null\nif [[ $? != 0 ]] ; then\n    cat << EOM\nerror: The sandbox is not in sync with the Podfile.lock. Run 'pod install' or update your CocoaPods installation.\nEOM\n    exit 1\nfi\n";
			showEnvVarsInLog = 0;
		};
		E0AFAD505FA31FAC1E2D36A3 /* [CP] Check Pods Manifest.lock */ = {
			isa = PBXShellScriptBuildPhase;
			buildActionMask = 2147483647;
			files = (
			);
			inputPaths = (
			);
			name = "[CP] Check Pods Manifest.lock";
			outputPaths = (
			);
			runOnlyForDeploymentPostprocessing = 0;
			shellPath = /bin/sh;
			shellScript = "diff \"${PODS_ROOT}/../Podfile.lock\" \"${PODS_ROOT}/Manifest.lock\" > /dev/null\nif [[ $? != 0 ]] ; then\n    cat << EOM\nerror: The sandbox is not in sync with the Podfile.lock. Run 'pod install' or update your CocoaPods installation.\nEOM\n    exit 1\nfi\n";
			showEnvVarsInLog = 0;
		};
		EAB5E3B10B24F3EDFC1FA8B0 /* [CP] Embed Pods Frameworks */ = {
			isa = PBXShellScriptBuildPhase;
			buildActionMask = 2147483647;
			files = (
			);
			inputPaths = (
			);
			name = "[CP] Embed Pods Frameworks";
			outputPaths = (
			);
			runOnlyForDeploymentPostprocessing = 0;
			shellPath = /bin/sh;
			shellScript = "\"${SRCROOT}/Pods/Target Support Files/Pods-TheRevelryChallenge/Pods-TheRevelryChallenge-frameworks.sh\"\n";
			showEnvVarsInLog = 0;
		};
		F9EB8340DA5123BEAB927D0D /* [CP] Copy Pods Resources */ = {
			isa = PBXShellScriptBuildPhase;
			buildActionMask = 2147483647;
			files = (
			);
			inputPaths = (
			);
			name = "[CP] Copy Pods Resources";
			outputPaths = (
			);
			runOnlyForDeploymentPostprocessing = 0;
			shellPath = /bin/sh;
			shellScript = "\"${SRCROOT}/Pods/Target Support Files/Pods-TheRevelryChallenge/Pods-TheRevelryChallenge-resources.sh\"\n";
			showEnvVarsInLog = 0;
		};
/* End PBXShellScriptBuildPhase section */

/* Begin PBXSourcesBuildPhase section */
		168DAF501D7182C200D12F0B /* Sources */ = {
			isa = PBXSourcesBuildPhase;
			buildActionMask = 2147483647;
			files = (
				169FF4651D718605002207FB /* AppDelegate.swift in Sources */,
				169FF4641D718605002207FB /* ViewController.swift in Sources */,
				169FF46B1D718671002207FB /* Constants.swift in Sources */,
			);
			runOnlyForDeploymentPostprocessing = 0;
		};
		168DAF641D7182C200D12F0B /* Sources */ = {
			isa = PBXSourcesBuildPhase;
			buildActionMask = 2147483647;
			files = (
				168DAF6D1D7182C200D12F0B /* TheRevelryChallengeTests.swift in Sources */,
			);
			runOnlyForDeploymentPostprocessing = 0;
		};
/* End PBXSourcesBuildPhase section */

/* Begin PBXTargetDependency section */
		168DAF6A1D7182C200D12F0B /* PBXTargetDependency */ = {
			isa = PBXTargetDependency;
			target = 168DAF531D7182C200D12F0B /* TheRevelryChallenge */;
			targetProxy = 168DAF691D7182C200D12F0B /* PBXContainerItemProxy */;
		};
/* End PBXTargetDependency section */

/* Begin PBXVariantGroup section */
		169FF4601D718605002207FB /* LaunchScreen.storyboard */ = {
			isa = PBXVariantGroup;
			children = (
				169FF4611D718605002207FB /* Base */,
			);
			name = LaunchScreen.storyboard;
			sourceTree = "<group>";
		};
		169FF4621D718605002207FB /* Main.storyboard */ = {
			isa = PBXVariantGroup;
			children = (
				169FF4631D718605002207FB /* Base */,
			);
			name = Main.storyboard;
			sourceTree = "<group>";
		};
/* End PBXVariantGroup section */

/* Begin XCBuildConfiguration section */
		168DAF6F1D7182C200D12F0B /* Debug */ = {
			isa = XCBuildConfiguration;
			buildSettings = {
				ALWAYS_SEARCH_USER_PATHS = NO;
				CLANG_ANALYZER_NONNULL = YES;
				CLANG_CXX_LANGUAGE_STANDARD = "gnu++0x";
				CLANG_CXX_LIBRARY = "libc++";
				CLANG_ENABLE_MODULES = YES;
				CLANG_ENABLE_OBJC_ARC = YES;
				CLANG_WARN_BOOL_CONVERSION = YES;
				CLANG_WARN_CONSTANT_CONVERSION = YES;
				CLANG_WARN_DIRECT_OBJC_ISA_USAGE = YES_ERROR;
				CLANG_WARN_EMPTY_BODY = YES;
				CLANG_WARN_ENUM_CONVERSION = YES;
				CLANG_WARN_INT_CONVERSION = YES;
				CLANG_WARN_OBJC_ROOT_CLASS = YES_ERROR;
				CLANG_WARN_UNREACHABLE_CODE = YES;
				CLANG_WARN__DUPLICATE_METHOD_MATCH = YES;
				"CODE_SIGN_IDENTITY[sdk=iphoneos*]" = "iPhone Developer";
				COPY_PHASE_STRIP = NO;
				DEBUG_INFORMATION_FORMAT = dwarf;
				ENABLE_STRICT_OBJC_MSGSEND = YES;
				ENABLE_TESTABILITY = YES;
				GCC_C_LANGUAGE_STANDARD = gnu99;
				GCC_DYNAMIC_NO_PIC = NO;
				GCC_NO_COMMON_BLOCKS = YES;
				GCC_OPTIMIZATION_LEVEL = 0;
				GCC_PREPROCESSOR_DEFINITIONS = (
					"DEBUG=1",
					"$(inherited)",
				);
				GCC_WARN_64_TO_32_BIT_CONVERSION = YES;
				GCC_WARN_ABOUT_RETURN_TYPE = YES_ERROR;
				GCC_WARN_UNDECLARED_SELECTOR = YES;
				GCC_WARN_UNINITIALIZED_AUTOS = YES_AGGRESSIVE;
				GCC_WARN_UNUSED_FUNCTION = YES;
				GCC_WARN_UNUSED_VARIABLE = YES;
				IPHONEOS_DEPLOYMENT_TARGET = 9.3;
				MTL_ENABLE_DEBUG_INFO = YES;
				ONLY_ACTIVE_ARCH = YES;
				SDKROOT = iphoneos;
				SWIFT_OPTIMIZATION_LEVEL = "-Onone";
				TARGETED_DEVICE_FAMILY = "1,2";
			};
			name = Debug;
		};
		168DAF701D7182C200D12F0B /* Release */ = {
			isa = XCBuildConfiguration;
			buildSettings = {
				ALWAYS_SEARCH_USER_PATHS = NO;
				CLANG_ANALYZER_NONNULL = YES;
				CLANG_CXX_LANGUAGE_STANDARD = "gnu++0x";
				CLANG_CXX_LIBRARY = "libc++";
				CLANG_ENABLE_MODULES = YES;
				CLANG_ENABLE_OBJC_ARC = YES;
				CLANG_WARN_BOOL_CONVERSION = YES;
				CLANG_WARN_CONSTANT_CONVERSION = YES;
				CLANG_WARN_DIRECT_OBJC_ISA_USAGE = YES_ERROR;
				CLANG_WARN_EMPTY_BODY = YES;
				CLANG_WARN_ENUM_CONVERSION = YES;
				CLANG_WARN_INT_CONVERSION = YES;
				CLANG_WARN_OBJC_ROOT_CLASS = YES_ERROR;
				CLANG_WARN_UNREACHABLE_CODE = YES;
				CLANG_WARN__DUPLICATE_METHOD_MATCH = YES;
				"CODE_SIGN_IDENTITY[sdk=iphoneos*]" = "iPhone Developer";
				COPY_PHASE_STRIP = NO;
				DEBUG_INFORMATION_FORMAT = "dwarf-with-dsym";
				ENABLE_NS_ASSERTIONS = NO;
				ENABLE_STRICT_OBJC_MSGSEND = YES;
				GCC_C_LANGUAGE_STANDARD = gnu99;
				GCC_NO_COMMON_BLOCKS = YES;
				GCC_WARN_64_TO_32_BIT_CONVERSION = YES;
				GCC_WARN_ABOUT_RETURN_TYPE = YES_ERROR;
				GCC_WARN_UNDECLARED_SELECTOR = YES;
				GCC_WARN_UNINITIALIZED_AUTOS = YES_AGGRESSIVE;
				GCC_WARN_UNUSED_FUNCTION = YES;
				GCC_WARN_UNUSED_VARIABLE = YES;
				IPHONEOS_DEPLOYMENT_TARGET = 9.3;
				MTL_ENABLE_DEBUG_INFO = NO;
				SDKROOT = iphoneos;
				TARGETED_DEVICE_FAMILY = "1,2";
				VALIDATE_PRODUCT = YES;
			};
			name = Release;
		};
		168DAF721D7182C200D12F0B /* Debug */ = {
			isa = XCBuildConfiguration;
			baseConfigurationReference = 9F3E87A4C2AB0EFDC1634B4D /* Pods-TheRevelryChallenge.debug.xcconfig */;
			buildSettings = {
				ASSETCATALOG_COMPILER_APPICON_NAME = AppIcon;
				INFOPLIST_FILE = TheRevelryChallenge/Info.plist;
				LD_RUNPATH_SEARCH_PATHS = "$(inherited) @executable_path/Frameworks";
				PRODUCT_BUNDLE_IDENTIFIER = com.djngoma.TheRevelryChallenge;
				PRODUCT_NAME = "$(TARGET_NAME)";
			};
			name = Debug;
		};
		168DAF731D7182C200D12F0B /* Release */ = {
			isa = XCBuildConfiguration;
			baseConfigurationReference = A7F2F771AE6A164F102929FE /* Pods-TheRevelryChallenge.release.xcconfig */;
			buildSettings = {
				ASSETCATALOG_COMPILER_APPICON_NAME = AppIcon;
				INFOPLIST_FILE = TheRevelryChallenge/Info.plist;
				LD_RUNPATH_SEARCH_PATHS = "$(inherited) @executable_path/Frameworks";
				PRODUCT_BUNDLE_IDENTIFIER = com.djngoma.TheRevelryChallenge;
				PRODUCT_NAME = "$(TARGET_NAME)";
			};
			name = Release;
		};
		168DAF751D7182C200D12F0B /* Debug */ = {
			isa = XCBuildConfiguration;
			buildSettings = {
				BUNDLE_LOADER = "$(TEST_HOST)";
				INFOPLIST_FILE = TheRevelryChallengeTests/Info.plist;
				LD_RUNPATH_SEARCH_PATHS = "$(inherited) @executable_path/Frameworks @loader_path/Frameworks";
				PRODUCT_BUNDLE_IDENTIFIER = com.djngoma.TheRevelryChallengeTests;
				PRODUCT_NAME = "$(TARGET_NAME)";
				TEST_HOST = "$(BUILT_PRODUCTS_DIR)/TheRevelryChallenge.app/TheRevelryChallenge";
			};
			name = Debug;
		};
		168DAF761D7182C200D12F0B /* Release */ = {
			isa = XCBuildConfiguration;
			buildSettings = {
				BUNDLE_LOADER = "$(TEST_HOST)";
				INFOPLIST_FILE = TheRevelryChallengeTests/Info.plist;
				LD_RUNPATH_SEARCH_PATHS = "$(inherited) @executable_path/Frameworks @loader_path/Frameworks";
				PRODUCT_BUNDLE_IDENTIFIER = com.djngoma.TheRevelryChallengeTests;
				PRODUCT_NAME = "$(TARGET_NAME)";
				TEST_HOST = "$(BUILT_PRODUCTS_DIR)/TheRevelryChallenge.app/TheRevelryChallenge";
			};
			name = Release;
		};
/* End XCBuildConfiguration section */

/* Begin XCConfigurationList section */
		168DAF4F1D7182C200D12F0B /* Build configuration list for PBXProject "TheRevelryChallenge" */ = {
			isa = XCConfigurationList;
			buildConfigurations = (
				168DAF6F1D7182C200D12F0B /* Debug */,
				168DAF701D7182C200D12F0B /* Release */,
			);
			defaultConfigurationIsVisible = 0;
			defaultConfigurationName = Release;
		};
		168DAF711D7182C200D12F0B /* Build configuration list for PBXNativeTarget "TheRevelryChallenge" */ = {
			isa = XCConfigurationList;
			buildConfigurations = (
				168DAF721D7182C200D12F0B /* Debug */,
				168DAF731D7182C200D12F0B /* Release */,
			);
			defaultConfigurationIsVisible = 0;
			defaultConfigurationName = Release;
		};
		168DAF741D7182C200D12F0B /* Build configuration list for PBXNativeTarget "TheRevelryChallengeTests" */ = {
			isa = XCConfigurationList;
			buildConfigurations = (
				168DAF751D7182C200D12F0B /* Debug */,
				168DAF761D7182C200D12F0B /* Release */,
			);
			defaultConfigurationIsVisible = 0;
			defaultConfigurationName = Release;
		};
/* End XCConfigurationList section */
	};
	rootObject = 168DAF4C1D7182C200D12F0B /* Project object */;
}
